// !$*UTF8*$!
{
	archiveVersion = 1;
	classes = {
	};
	objectVersion = 77;
	objects = {

/* Begin PBXBuildFile section */
		00AC9737F8B0CE07A7B7B450 /* ActivityFeedView.swift in Sources */ = {isa = PBXBuildFile; fileRef = 7A099D30160F26BA3940E576 /* ActivityFeedView.swift */; };
		02C910EE565BE8965D5AF885 /* GameFamily.swift in Sources */ = {isa = PBXBuildFile; fileRef = 851A081723C3E4F8CA9D2434 /* GameFamily.swift */; };
		038CB3618196916111F5EE86 /* GroupedGuestSection.swift in Sources */ = {isa = PBXBuildFile; fileRef = D468AF0B1FB54A10EF29F05F /* GroupedGuestSection.swift */; };
		03DE6C5AC84BC4458D2EE750 /* ContentView.swift in Sources */ = {isa = PBXBuildFile; fileRef = 70D669B7A89C9E0E3A9E2AF7 /* ContentView.swift */; };
		04FC6FD496597BB4E781AC72 /* Game.swift in Sources */ = {isa = PBXBuildFile; fileRef = 496016CC950DC5C5F6E75729 /* Game.swift */; };
		05057CD98841593434D4A5F8 /* CreateEventGamesStep.swift in Sources */ = {isa = PBXBuildFile; fileRef = 40B98058A22740B7FDCB059A /* CreateEventGamesStep.swift */; };
		058DF949B94C46292DE13C5D /* TestError.swift in Sources */ = {isa = PBXBuildFile; fileRef = 40CDC4EFE6713EAE4B33C26B /* TestError.swift */; };
		08A92E97AF62C37F0764992B /* SMSService.swift in Sources */ = {isa = PBXBuildFile; fileRef = D0371A07CD113686C89A4573 /* SMSService.swift */; };
		094E8C89690D6D3D45CE77F4 /* HomeViewModelTests.swift in Sources */ = {isa = PBXBuildFile; fileRef = D11C09C50D5F989BB36A2F66 /* HomeViewModelTests.swift */; };
		0959401BA2FD1AED38E45306 /* Supabase in Frameworks */ = {isa = PBXBuildFile; productRef = 4B7E019A65A2A6BCF7278492 /* Supabase */; };
		097C4BD6469F6E0F92D89A51 /* StatusDot.swift in Sources */ = {isa = PBXBuildFile; fileRef = 862498082D3926D6CAC90670 /* StatusDot.swift */; };
		0B1B53A086B2D5C634FB2153 /* EventDetailView.swift in Sources */ = {isa = PBXBuildFile; fileRef = 5438E24E75BD13B48ABCAD82 /* EventDetailView.swift */; };
		0E38F9EBB95F5422929C287D /* CalendarFilterSheet.swift in Sources */ = {isa = PBXBuildFile; fileRef = 3751C5A4132D75CEB6B2E6F1 /* CalendarFilterSheet.swift */; };
		0F37BD5C50D6A61D53E978AC /* CreatorDetailViewModel.swift in Sources */ = {isa = PBXBuildFile; fileRef = F6239592C1AC17982B004D10 /* CreatorDetailViewModel.swift */; };
		130DF8D981F9DDFC406409A0 /* CalendarGridView.swift in Sources */ = {isa = PBXBuildFile; fileRef = 475EA5D2D276767BCB3F5408 /* CalendarGridView.swift */; };
		133E52FC137BE4A2BBF26C08 /* CreateEventView.swift in Sources */ = {isa = PBXBuildFile; fileRef = E428E34778C2894B35484021 /* CreateEventView.swift */; };
		14E86F837008B207F8BEC9C4 /* PollGuestListView.swift in Sources */ = {isa = PBXBuildFile; fileRef = 278A1FC48E581F583C994B89 /* PollGuestListView.swift */; };
		160BF49B9AE94EDA37D53FFE /* GameVotingView.swift in Sources */ = {isa = PBXBuildFile; fileRef = 056DCF17A5CC08E893A25FFA /* GameVotingView.swift */; };
		190119C668A74F1F6FE44FE1 /* HomeDataLoader.swift in Sources */ = {isa = PBXBuildFile; fileRef = D7662709E90472C3F5A6F3D9 /* HomeDataLoader.swift */; };
		1F834BF50C8D07CCF689978E /* BrandGuide.swift in Sources */ = {isa = PBXBuildFile; fileRef = 1C135DC91A4CA9B6DFFBC537 /* BrandGuide.swift */; };
		200C8E68E07D69CF159A0223 /* SearchBar.swift in Sources */ = {isa = PBXBuildFile; fileRef = 3493414C1EA4EA910807E03E /* SearchBar.swift */; };
		2A0BF2968F29063F5E0CF737 /* GuestListTabsView.swift in Sources */ = {isa = PBXBuildFile; fileRef = 3926C65D6513E68EE254B8FC /* GuestListTabsView.swift */; };
		2AFFAA859950E22CF1030A51 /* PlayerCountIndicator.swift in Sources */ = {isa = PBXBuildFile; fileRef = 2D0EA42EA853AC67A97206DA /* PlayerCountIndicator.swift */; };
		2E0BD642D74DF24FD20D9A85 /* PrivacySettingsView.swift in Sources */ = {isa = PBXBuildFile; fileRef = 491C5BC61EA3E94B1EA73171 /* PrivacySettingsView.swift */; };
		300323D66DE2C2FD3D530C4B /* ProfileView.swift in Sources */ = {isa = PBXBuildFile; fileRef = 71F0E6BB5635FD30C2ADA877 /* ProfileView.swift */; };
		322132BCAF44E71D02F9228E /* CommonComponents.swift in Sources */ = {isa = PBXBuildFile; fileRef = AC348B1DF846B0EA1FED19F6 /* CommonComponents.swift */; };
		336282B3D2ADD8292116A592 /* DesignerDetailView.swift in Sources */ = {isa = PBXBuildFile; fileRef = CE8FD5CA3969C4A60A9AEF48 /* DesignerDetailView.swift */; };
		349E5742ECBCD05BAE8BCEBA /* HomeView.swift in Sources */ = {isa = PBXBuildFile; fileRef = BF42D07B22BEA961ACC27216 /* HomeView.swift */; };
		3A8663CFA3DA830ABB3E1EBC /* Group.swift in Sources */ = {isa = PBXBuildFile; fileRef = 46C66541A70C31BA98A29D18 /* Group.swift */; };
		3B3AAF49083F969723DC1F35 /* CreateEventViewModel.swift in Sources */ = {isa = PBXBuildFile; fileRef = CEE44D563D71CBA8608FAF99 /* CreateEventViewModel.swift */; };
		4982AD9960217BBC3F7C9B26 /* CreateEventInvitesStep.swift in Sources */ = {isa = PBXBuildFile; fileRef = 75F19B2EBE4FA39FFF00CB52 /* CreateEventInvitesStep.swift */; };
		4A1723223C6DAEE61DFF0741 /* CreateEventReviewStep.swift in Sources */ = {isa = PBXBuildFile; fileRef = 56CDA418C3C4E5AC101F1657 /* CreateEventReviewStep.swift */; };
		52828E31ED83EE3FEC20F3BC /* EventVisibility.swift in Sources */ = {isa = PBXBuildFile; fileRef = 0894C4BB42056BC43902A7B2 /* EventVisibility.swift */; };
		581A7EB52A1D861724F70540 /* CalendarDayDetailView.swift in Sources */ = {isa = PBXBuildFile; fileRef = 059F5F33292722AB593021DA /* CalendarDayDetailView.swift */; };
		5856F38C7AADFFEC6311D458 /* VerticalEventCard.swift in Sources */ = {isa = PBXBuildFile; fileRef = 1C0328B731FA36656D48902F /* VerticalEventCard.swift */; };
		5D9567252A269FA92FA85E95 /* ComponentSize.swift in Sources */ = {isa = PBXBuildFile; fileRef = 7FAF372645B9F5ED14FEEEC0 /* ComponentSize.swift */; };
		60CC436E8F6F5AE4F7D37C44 /* SplashScreen.swift in Sources */ = {isa = PBXBuildFile; fileRef = D5F58FAF1005984504C7F8AD /* SplashScreen.swift */; };
		6401D5AD802EEA80679F6ECC /* UserProfileSummaryTests.swift in Sources */ = {isa = PBXBuildFile; fileRef = 396DCF1E62F331CA5E9BB8ED /* UserProfileSummaryTests.swift */; };
		65532079AE877CE01667566E /* FixtureFactory.swift in Sources */ = {isa = PBXBuildFile; fileRef = 1B6B8635260E038104AE269E /* FixtureFactory.swift */; };
		684BCA9E5D292D55BF6B6F6D /* CalendarListView.swift in Sources */ = {isa = PBXBuildFile; fileRef = 28E9894CC10DABAA8C33BED0 /* CalendarListView.swift */; };
		69A66D4BC0C5C14C12D41F6F /* TriStateVoteButton.swift in Sources */ = {isa = PBXBuildFile; fileRef = 226FE07F8DE92E91EB72AFF7 /* TriStateVoteButton.swift */; };
		7124447E48FB168EA905F827 /* LocationPickerSheet.swift in Sources */ = {isa = PBXBuildFile; fileRef = 82822A1740DFB720E14F4CCC /* LocationPickerSheet.swift */; };
		767F1544BB3B4EF53FECFD0D /* ContactPickerService.swift in Sources */ = {isa = PBXBuildFile; fileRef = F47B45C3BEB73A0CAF96C797 /* ContactPickerService.swift */; };
		7782918D6C4C803001CDF01A /* HomeDataLoaderTests.swift in Sources */ = {isa = PBXBuildFile; fileRef = EF0A8DBBF814B763C287ADCF /* HomeDataLoaderTests.swift */; };
		785011C763AEC050BBD859D5 /* CreateEventViewModelTests.swift in Sources */ = {isa = PBXBuildFile; fileRef = AFCD7292A0C4E019CD712C73 /* CreateEventViewModelTests.swift */; };
		7F6CC417800B4B6AE2205B33 /* CalendarViewModel.swift in Sources */ = {isa = PBXBuildFile; fileRef = 97ECE09B7351E21C5F6D2EE8 /* CalendarViewModel.swift */; };
		852C2866929B8119FA39E880 /* EventVisibilityTests.swift in Sources */ = {isa = PBXBuildFile; fileRef = 63F5B4B3EBDB251A97CB87F4 /* EventVisibilityTests.swift */; };
		88286AB6BCD7CFB53E204C68 /* LocationService.swift in Sources */ = {isa = PBXBuildFile; fileRef = E3CF6DCAC2DD0381444E8466 /* LocationService.swift */; };
		88F01BBAEA4FB8C352A40B94 /* InfoRowGroup.swift in Sources */ = {isa = PBXBuildFile; fileRef = 0E166D4003F54079973ABF36 /* InfoRowGroup.swift */; };
		8EBFE0CD5C9F9E0FADEB8B66 /* OnboardingView.swift in Sources */ = {isa = PBXBuildFile; fileRef = 35ACFC5CF2D84146F1B0E5B2 /* OnboardingView.swift */; };
		906DAF7FC4F3CB37704A0475 /* EventAccessPolicy.swift in Sources */ = {isa = PBXBuildFile; fileRef = EABC2D147AC8B968A07D4B07 /* EventAccessPolicy.swift */; };
		933D9C42930DEAE093897B1D /* GameDetailViewModel.swift in Sources */ = {isa = PBXBuildFile; fileRef = 5A4207BA43E1C32B776B15E6 /* GameDetailViewModel.swift */; };
		952D6E65529253DB318F9225 /* AccentBorderCard.swift in Sources */ = {isa = PBXBuildFile; fileRef = 47E207E78E030FF6873F81D8 /* AccentBorderCard.swift */; };
		98081CC0AB972190D03DABD9 /* ContactListSheet.swift in Sources */ = {isa = PBXBuildFile; fileRef = FAC2A9C1BB5C965C30B05BA8 /* ContactListSheet.swift */; };
		983EAA52DD85AF3F1D597A74 /* GameVote.swift in Sources */ = {isa = PBXBuildFile; fileRef = 32C0C3E7D517C7A120674526 /* GameVote.swift */; };
		9A1BAE009234F98F2E7E271C /* GameEvent.swift in Sources */ = {isa = PBXBuildFile; fileRef = 5032FD47004A7CB0592B4E83 /* GameEvent.swift */; };
		9B68501F3F9105CF25668A3A /* ContactPicker.swift in Sources */ = {isa = PBXBuildFile; fileRef = D392FFBFA41DB94F99E14E09 /* ContactPicker.swift */; };
		9E72702398FD0A62ABC50C5B /* ViewModifiers.swift in Sources */ = {isa = PBXBuildFile; fileRef = 8EDAABF8B93412395C477350 /* ViewModifiers.swift */; };
		A145154DBEE35DEBC0B93B9D /* SupabaseService.swift in Sources */ = {isa = PBXBuildFile; fileRef = 95B0C917F3210D3DEE57EA0F /* SupabaseService.swift */; };
		A25F897E22AE83280EA23650 /* HomeDataProviding.swift in Sources */ = {isa = PBXBuildFile; fileRef = 4D5EB8337036912A556D1B42 /* HomeDataProviding.swift */; };
		A830ED73A705ED199878F0A6 /* ToastView.swift in Sources */ = {isa = PBXBuildFile; fileRef = 07F39EDF744F365C61B43544 /* ToastView.swift */; };
		AAEBF5B0D069816F69AEA013 /* GroupsView.swift in Sources */ = {isa = PBXBuildFile; fileRef = C545563F575388D3D5C55CE1 /* GroupsView.swift */; };
		AAF2A54602E475E661783223 /* GroupsViewModel.swift in Sources */ = {isa = PBXBuildFile; fileRef = 5FC84F6FC769179A0CD26F1F /* GroupsViewModel.swift */; };
		AB2F06ADADF08E33D7304AC9 /* AddToCalendarButton.swift in Sources */ = {isa = PBXBuildFile; fileRef = 91F7FE54EBEFBB78137AB34A /* AddToCalendarButton.swift */; };
		AB7731B722DD26CABD4F1FBA /* TimeOptionPicker.swift in Sources */ = {isa = PBXBuildFile; fileRef = DE775436CE0D6B71DDF782A0 /* TimeOptionPicker.swift */; };
		AC1822A41E9E407C78AA5318 /* ExpandableGameGrid.swift in Sources */ = {isa = PBXBuildFile; fileRef = D5CE753DDFC49695F10F79AA /* ExpandableGameGrid.swift */; };
		AC515052761705D145044420 /* InviteStatusTests.swift in Sources */ = {isa = PBXBuildFile; fileRef = 10D15DC103DFCD52CFA34A05 /* InviteStatusTests.swift */; };
		AE3564D983C3D4EF7CD2D08E /* R2StorageService.swift in Sources */ = {isa = PBXBuildFile; fileRef = 7E17D8ED351C14A7B0F10823 /* R2StorageService.swift */; };
		AE7D5DFE9435450D6B8B8BFB /* VoterAvatarStack.swift in Sources */ = {isa = PBXBuildFile; fileRef = 26D9B1C9AEC52DFAFCEEC893 /* VoterAvatarStack.swift */; };
		B13BAB49FBD99CAF5EE87A26 /* EventLocationPresentation.swift in Sources */ = {isa = PBXBuildFile; fileRef = 844AF0B6BF7809B3F49C0A28 /* EventLocationPresentation.swift */; };
		B21E88FFD1EF9E3699453F76 /* HorizontalGameScroll.swift in Sources */ = {isa = PBXBuildFile; fileRef = CCAFB6B1DABFBC887A2DC003 /* HorizontalGameScroll.swift */; };
		B537BFB99CA04E496C69A0BA /* Invite.swift in Sources */ = {isa = PBXBuildFile; fileRef = 0F9FED0A38BCA3ED89457F18 /* Invite.swift */; };
		B62FCEA0EB3F6363754818E4 /* DetailHeroImage.swift in Sources */ = {isa = PBXBuildFile; fileRef = 8E11D82F433FB6D9EE35AB4D /* DetailHeroImage.swift */; };
		B8CB9F46799095CFDF66F26E /* BGGService.swift in Sources */ = {isa = PBXBuildFile; fileRef = F45F84908CD5A1C95CFFF098 /* BGGService.swift */; };
		B982625FD5364D9CB69F1E03 /* RSVPSheet.swift in Sources */ = {isa = PBXBuildFile; fileRef = 724922A552EBBAAEEBA7605F /* RSVPSheet.swift */; };
		B9C83FE17B46B9822C47006F /* EventCard.swift in Sources */ = {isa = PBXBuildFile; fileRef = 24832623E66C268D9044E240 /* EventCard.swift */; };
		B9E6E9BC3F6AF446F3E38982 /* Assets.xcassets in Resources */ = {isa = PBXBuildFile; fileRef = 15DEB0951CE98339F2E2354C /* Assets.xcassets */; };
		BB7E99426B05D49B54E17CB4 /* SupabaseServiceTests.swift in Sources */ = {isa = PBXBuildFile; fileRef = C92C25088427ECFF4C3E7988 /* SupabaseServiceTests.swift */; };
		BBA5890D083FC90163BB8F1C /* ListEventCard.swift in Sources */ = {isa = PBXBuildFile; fileRef = D72031D7106E225252F4D3BC /* ListEventCard.swift */; };
		BC682D9862847B7B0BBAB223 /* CreatorDetailContent.swift in Sources */ = {isa = PBXBuildFile; fileRef = 4ABD333EA9BC8C57F8773F45 /* CreatorDetailContent.swift */; };
		C189CA60E4FFD650CAA0D477 /* DateTimePickerSheet.swift in Sources */ = {isa = PBXBuildFile; fileRef = 3C687BB107656027493FF5F5 /* DateTimePickerSheet.swift */; };
		C3E2A27A1E58B4352B493195 /* TagFlowSection.swift in Sources */ = {isa = PBXBuildFile; fileRef = E3B8E4CC4D7BFC6FCB66627B /* TagFlowSection.swift */; };
		C490E51116FD132D9BDE3239 /* Theme.swift in Sources */ = {isa = PBXBuildFile; fileRef = AFAFBC98FCB83FD971A6F753 /* Theme.swift */; };
		C50FC1236834BE18DCDDB3D1 /* ShimmerLayoutMetrics.swift in Sources */ = {isa = PBXBuildFile; fileRef = 320F17AF3B5B3C150DC53B6F /* ShimmerLayoutMetrics.swift */; };
		C5C23C7667D8666450441FA7 /* GameLibraryViewModel.swift in Sources */ = {isa = PBXBuildFile; fileRef = 6D3FEEC34A1373C0210242FC /* GameLibraryViewModel.swift */; };
		C7C5E2B1648C0A2488DE0E29 /* CalendarView.swift in Sources */ = {isa = PBXBuildFile; fileRef = 9AB1A89107DC5915629A148C /* CalendarView.swift */; };
		CBF6FBF83688B02AE33AF2D7 /* FlowLayout.swift in Sources */ = {isa = PBXBuildFile; fileRef = 487DE2C3FE34F385AF85AEB8 /* FlowLayout.swift */; };
		CE3591329288EDA893958F12 /* GameNightApp.swift in Sources */ = {isa = PBXBuildFile; fileRef = 04110B31ED9823F8D8CB1290 /* GameNightApp.swift */; };
		CE4FDB177DFFB003A88F9AA9 /* EventDateLabel.swift in Sources */ = {isa = PBXBuildFile; fileRef = CBB6994E14D9CDD49FD2251B /* EventDateLabel.swift */; };
		CEDCDEA3B706763399C908FC /* HomeViewModel.swift in Sources */ = {isa = PBXBuildFile; fileRef = F7C8D2CD62321FDE27933183 /* HomeViewModel.swift */; };
		CF081B4F29C9ABB849634129 /* StarRatingPicker.swift in Sources */ = {isa = PBXBuildFile; fileRef = 86CE311BFA4DA7766B8EF356 /* StarRatingPicker.swift */; };
		CF4B2A2254450EBC277CB06D /* GameInfoCompact.swift in Sources */ = {isa = PBXBuildFile; fileRef = 8C6F1688E19ADDD90168EF36 /* GameInfoCompact.swift */; };
		D64C5C08692476E0E5786CB9 /* Secrets.swift.example in Resources */ = {isa = PBXBuildFile; fileRef = BFCE44DB7F63902750892756 /* Secrets.swift.example */; };
		D8BA6CA0E91A2ABEAEF147C0 /* GameEventDecodingTests.swift in Sources */ = {isa = PBXBuildFile; fileRef = 6F38EB39579296EB1CC1BD9F /* GameEventDecodingTests.swift */; };
		DB246FC621832F6F20E2BB51 /* GenerativeEventCover.swift in Sources */ = {isa = PBXBuildFile; fileRef = DC3D86B22BD75AA9FD76C86A /* GenerativeEventCover.swift */; };
		DB72C1DD32762AF82DCBBDCD /* GroupPickerSheet.swift in Sources */ = {isa = PBXBuildFile; fileRef = 06DF23C59FBCF877EDC97BAD /* GroupPickerSheet.swift */; };
		DBACF5C6B7903F393DBE6F73 /* CreateEventDetailsStep.swift in Sources */ = {isa = PBXBuildFile; fileRef = C851C421B2D167D35FFF7787 /* CreateEventDetailsStep.swift */; };
		DBCC8760EF460EE40CCAC85C /* SortFilterBar.swift in Sources */ = {isa = PBXBuildFile; fileRef = EB5DB24E5976E0BBEEAE0B41 /* SortFilterBar.swift */; };
		DCD8FCC8417847C108C154F7 /* GameCard.swift in Sources */ = {isa = PBXBuildFile; fileRef = 7FFF8F8644B3D6C09B3D23E5 /* GameCard.swift */; };
		E1A24080F898AF489326A98C /* ActivityFeedItem.swift in Sources */ = {isa = PBXBuildFile; fileRef = F71178402D6DE3B28E8EA024 /* ActivityFeedItem.swift */; };
		E2A50FC1F18BC050389667E1 /* HostBadge.swift in Sources */ = {isa = PBXBuildFile; fileRef = 650CC36283BE4539C4D428F4 /* HostBadge.swift */; };
		E39AEF4CC943EC0A76627C24 /* SortOption.swift in Sources */ = {isa = PBXBuildFile; fileRef = B5A15F336918E8627CD57784 /* SortOption.swift */; };
		E4229164F87DF49778D2BAFF /* User.swift in Sources */ = {isa = PBXBuildFile; fileRef = 828D232229F9583147DE35B5 /* User.swift */; };
		E4782D56AE4290B0E2B131C0 /* EventLocationLabel.swift in Sources */ = {isa = PBXBuildFile; fileRef = D6E43FFCD35976C004FD647D /* EventLocationLabel.swift */; };
		E5F0E4801AE22B9E0C6B5037 /* RatingBadge.swift in Sources */ = {isa = PBXBuildFile; fileRef = 099F1FB524BC7122B983839B /* RatingBadge.swift */; };
		E6A2924D49E15F10312F8295 /* JSONTestHelpers.swift in Sources */ = {isa = PBXBuildFile; fileRef = AB3A8170D6B33687C74DE346 /* JSONTestHelpers.swift */; };
		E94EDB0E593B5C1084DCEE6B /* Secrets.swift in Sources */ = {isa = PBXBuildFile; fileRef = 52D24417A59A465E98C69019 /* Secrets.swift */; };
		EC928EA881FC49F3BC324924 /* EventViewModel.swift in Sources */ = {isa = PBXBuildFile; fileRef = 2469983DA1CC14996701E0FE /* EventViewModel.swift */; };
		ED24B26835CC5574D4F5CBF3 /* PublisherDetailView.swift in Sources */ = {isa = PBXBuildFile; fileRef = 39CE46C96147105429F31980 /* PublisherDetailView.swift */; };
		EF8EACABDB791482CC4AE021 /* TimeOptionTests.swift in Sources */ = {isa = PBXBuildFile; fileRef = 16586A19CCD58B95C6E2F257 /* TimeOptionTests.swift */; };
		F117EC19A9AD28EF559E280F /* EventAccessPolicyTests.swift in Sources */ = {isa = PBXBuildFile; fileRef = 5BF982A5EF0961C593D261DF /* EventAccessPolicyTests.swift */; };
		F82C04EB02D3B3366B707700 /* GameDetailView.swift in Sources */ = {isa = PBXBuildFile; fileRef = F680C90F6E6CF20DAA7FC2E1 /* GameDetailView.swift */; };
		F939127448C95F22B292C9B2 /* GameExpansion.swift in Sources */ = {isa = PBXBuildFile; fileRef = 238430570524288B6F6B8142 /* GameExpansion.swift */; };
		F94FB46D73A94B95CAAB4410 /* AppState.swift in Sources */ = {isa = PBXBuildFile; fileRef = 80DCC388CDAC127BEDD64307 /* AppState.swift */; };
		F9557B986DE64DEAFF785FF8 /* PollResultsDetailView.swift in Sources */ = {isa = PBXBuildFile; fileRef = 80EE92F65BC5F5527D0B68FE /* PollResultsDetailView.swift */; };
		FAC20CF4D3CB4EA6B19E8772 /* GameLibraryView.swift in Sources */ = {isa = PBXBuildFile; fileRef = 33A8894EED32ECCDD900B4DE /* GameLibraryView.swift */; };
		FDECD26096E37C1D41EAEDE2 /* CreateGroupFromAttendeesSheet.swift in Sources */ = {isa = PBXBuildFile; fileRef = 38CD0AF08CE4B5CEF7E0D505 /* CreateGroupFromAttendeesSheet.swift */; };
/* End PBXBuildFile section */

/* Begin PBXContainerItemProxy section */
		04477983D155697FAAE8FAFA /* PBXContainerItemProxy */ = {
			isa = PBXContainerItemProxy;
			containerPortal = 89435D42E4FE488A5AB2DEBC /* Project object */;
			proxyType = 1;
			remoteGlobalIDString = 75CD55396B656CDC23C43D79;
			remoteInfo = GameNight;
		};
/* End PBXContainerItemProxy section */

/* Begin PBXFileReference section */
		04110B31ED9823F8D8CB1290 /* GameNightApp.swift */ = {isa = PBXFileReference; lastKnownFileType = sourcecode.swift; path = GameNightApp.swift; sourceTree = "<group>"; };
		056DCF17A5CC08E893A25FFA /* GameVotingView.swift */ = {isa = PBXFileReference; lastKnownFileType = sourcecode.swift; path = GameVotingView.swift; sourceTree = "<group>"; };
		059F5F33292722AB593021DA /* CalendarDayDetailView.swift */ = {isa = PBXFileReference; lastKnownFileType = sourcecode.swift; path = CalendarDayDetailView.swift; sourceTree = "<group>"; };
		06DF23C59FBCF877EDC97BAD /* GroupPickerSheet.swift */ = {isa = PBXFileReference; lastKnownFileType = sourcecode.swift; path = GroupPickerSheet.swift; sourceTree = "<group>"; };
		07F39EDF744F365C61B43544 /* ToastView.swift */ = {isa = PBXFileReference; lastKnownFileType = sourcecode.swift; path = ToastView.swift; sourceTree = "<group>"; };
		0894C4BB42056BC43902A7B2 /* EventVisibility.swift */ = {isa = PBXFileReference; lastKnownFileType = sourcecode.swift; path = EventVisibility.swift; sourceTree = "<group>"; };
		099F1FB524BC7122B983839B /* RatingBadge.swift */ = {isa = PBXFileReference; lastKnownFileType = sourcecode.swift; path = RatingBadge.swift; sourceTree = "<group>"; };
		0E166D4003F54079973ABF36 /* InfoRowGroup.swift */ = {isa = PBXFileReference; lastKnownFileType = sourcecode.swift; path = InfoRowGroup.swift; sourceTree = "<group>"; };
		0F9FED0A38BCA3ED89457F18 /* Invite.swift */ = {isa = PBXFileReference; lastKnownFileType = sourcecode.swift; path = Invite.swift; sourceTree = "<group>"; };
		10D15DC103DFCD52CFA34A05 /* InviteStatusTests.swift */ = {isa = PBXFileReference; lastKnownFileType = sourcecode.swift; path = InviteStatusTests.swift; sourceTree = "<group>"; };
		15DEB0951CE98339F2E2354C /* Assets.xcassets */ = {isa = PBXFileReference; lastKnownFileType = folder.assetcatalog; path = Assets.xcassets; sourceTree = "<group>"; };
		16586A19CCD58B95C6E2F257 /* TimeOptionTests.swift */ = {isa = PBXFileReference; lastKnownFileType = sourcecode.swift; path = TimeOptionTests.swift; sourceTree = "<group>"; };
		1B6B8635260E038104AE269E /* FixtureFactory.swift */ = {isa = PBXFileReference; lastKnownFileType = sourcecode.swift; path = FixtureFactory.swift; sourceTree = "<group>"; };
		1C0328B731FA36656D48902F /* VerticalEventCard.swift */ = {isa = PBXFileReference; lastKnownFileType = sourcecode.swift; path = VerticalEventCard.swift; sourceTree = "<group>"; };
		1C135DC91A4CA9B6DFFBC537 /* BrandGuide.swift */ = {isa = PBXFileReference; lastKnownFileType = sourcecode.swift; path = BrandGuide.swift; sourceTree = "<group>"; };
		226FE07F8DE92E91EB72AFF7 /* TriStateVoteButton.swift */ = {isa = PBXFileReference; lastKnownFileType = sourcecode.swift; path = TriStateVoteButton.swift; sourceTree = "<group>"; };
		238430570524288B6F6B8142 /* GameExpansion.swift */ = {isa = PBXFileReference; lastKnownFileType = sourcecode.swift; path = GameExpansion.swift; sourceTree = "<group>"; };
		2469983DA1CC14996701E0FE /* EventViewModel.swift */ = {isa = PBXFileReference; lastKnownFileType = sourcecode.swift; path = EventViewModel.swift; sourceTree = "<group>"; };
		24832623E66C268D9044E240 /* EventCard.swift */ = {isa = PBXFileReference; lastKnownFileType = sourcecode.swift; path = EventCard.swift; sourceTree = "<group>"; };
		26D9B1C9AEC52DFAFCEEC893 /* VoterAvatarStack.swift */ = {isa = PBXFileReference; lastKnownFileType = sourcecode.swift; path = VoterAvatarStack.swift; sourceTree = "<group>"; };
		278A1FC48E581F583C994B89 /* PollGuestListView.swift */ = {isa = PBXFileReference; lastKnownFileType = sourcecode.swift; path = PollGuestListView.swift; sourceTree = "<group>"; };
		28E9894CC10DABAA8C33BED0 /* CalendarListView.swift */ = {isa = PBXFileReference; lastKnownFileType = sourcecode.swift; path = CalendarListView.swift; sourceTree = "<group>"; };
		2D0EA42EA853AC67A97206DA /* PlayerCountIndicator.swift */ = {isa = PBXFileReference; lastKnownFileType = sourcecode.swift; path = PlayerCountIndicator.swift; sourceTree = "<group>"; };
		31434809C693D97EB052C01B /* GameNightTests.xctest */ = {isa = PBXFileReference; includeInIndex = 0; lastKnownFileType = wrapper.cfbundle; path = GameNightTests.xctest; sourceTree = BUILT_PRODUCTS_DIR; };
		320F17AF3B5B3C150DC53B6F /* ShimmerLayoutMetrics.swift */ = {isa = PBXFileReference; lastKnownFileType = sourcecode.swift; path = ShimmerLayoutMetrics.swift; sourceTree = "<group>"; };
		32C0C3E7D517C7A120674526 /* GameVote.swift */ = {isa = PBXFileReference; lastKnownFileType = sourcecode.swift; path = GameVote.swift; sourceTree = "<group>"; };
		33A8894EED32ECCDD900B4DE /* GameLibraryView.swift */ = {isa = PBXFileReference; lastKnownFileType = sourcecode.swift; path = GameLibraryView.swift; sourceTree = "<group>"; };
		3493414C1EA4EA910807E03E /* SearchBar.swift */ = {isa = PBXFileReference; lastKnownFileType = sourcecode.swift; path = SearchBar.swift; sourceTree = "<group>"; };
		35ACFC5CF2D84146F1B0E5B2 /* OnboardingView.swift */ = {isa = PBXFileReference; lastKnownFileType = sourcecode.swift; path = OnboardingView.swift; sourceTree = "<group>"; };
		3751C5A4132D75CEB6B2E6F1 /* CalendarFilterSheet.swift */ = {isa = PBXFileReference; lastKnownFileType = sourcecode.swift; path = CalendarFilterSheet.swift; sourceTree = "<group>"; };
		38CD0AF08CE4B5CEF7E0D505 /* CreateGroupFromAttendeesSheet.swift */ = {isa = PBXFileReference; lastKnownFileType = sourcecode.swift; path = CreateGroupFromAttendeesSheet.swift; sourceTree = "<group>"; };
		3926C65D6513E68EE254B8FC /* GuestListTabsView.swift */ = {isa = PBXFileReference; lastKnownFileType = sourcecode.swift; path = GuestListTabsView.swift; sourceTree = "<group>"; };
		396DCF1E62F331CA5E9BB8ED /* UserProfileSummaryTests.swift */ = {isa = PBXFileReference; lastKnownFileType = sourcecode.swift; path = UserProfileSummaryTests.swift; sourceTree = "<group>"; };
		39CE46C96147105429F31980 /* PublisherDetailView.swift */ = {isa = PBXFileReference; lastKnownFileType = sourcecode.swift; path = PublisherDetailView.swift; sourceTree = "<group>"; };
		3C687BB107656027493FF5F5 /* DateTimePickerSheet.swift */ = {isa = PBXFileReference; lastKnownFileType = sourcecode.swift; path = DateTimePickerSheet.swift; sourceTree = "<group>"; };
		40B98058A22740B7FDCB059A /* CreateEventGamesStep.swift */ = {isa = PBXFileReference; lastKnownFileType = sourcecode.swift; path = CreateEventGamesStep.swift; sourceTree = "<group>"; };
		40CDC4EFE6713EAE4B33C26B /* TestError.swift */ = {isa = PBXFileReference; lastKnownFileType = sourcecode.swift; path = TestError.swift; sourceTree = "<group>"; };
		46C66541A70C31BA98A29D18 /* Group.swift */ = {isa = PBXFileReference; lastKnownFileType = sourcecode.swift; path = Group.swift; sourceTree = "<group>"; };
		475EA5D2D276767BCB3F5408 /* CalendarGridView.swift */ = {isa = PBXFileReference; lastKnownFileType = sourcecode.swift; path = CalendarGridView.swift; sourceTree = "<group>"; };
		47E207E78E030FF6873F81D8 /* AccentBorderCard.swift */ = {isa = PBXFileReference; lastKnownFileType = sourcecode.swift; path = AccentBorderCard.swift; sourceTree = "<group>"; };
		487DE2C3FE34F385AF85AEB8 /* FlowLayout.swift */ = {isa = PBXFileReference; lastKnownFileType = sourcecode.swift; path = FlowLayout.swift; sourceTree = "<group>"; };
		491C5BC61EA3E94B1EA73171 /* PrivacySettingsView.swift */ = {isa = PBXFileReference; lastKnownFileType = sourcecode.swift; path = PrivacySettingsView.swift; sourceTree = "<group>"; };
		496016CC950DC5C5F6E75729 /* Game.swift */ = {isa = PBXFileReference; lastKnownFileType = sourcecode.swift; path = Game.swift; sourceTree = "<group>"; };
		4ABD333EA9BC8C57F8773F45 /* CreatorDetailContent.swift */ = {isa = PBXFileReference; lastKnownFileType = sourcecode.swift; path = CreatorDetailContent.swift; sourceTree = "<group>"; };
		4D5EB8337036912A556D1B42 /* HomeDataProviding.swift */ = {isa = PBXFileReference; lastKnownFileType = sourcecode.swift; path = HomeDataProviding.swift; sourceTree = "<group>"; };
		5032FD47004A7CB0592B4E83 /* GameEvent.swift */ = {isa = PBXFileReference; lastKnownFileType = sourcecode.swift; path = GameEvent.swift; sourceTree = "<group>"; };
		52D24417A59A465E98C69019 /* Secrets.swift */ = {isa = PBXFileReference; lastKnownFileType = sourcecode.swift; path = Secrets.swift; sourceTree = "<group>"; };
		5438E24E75BD13B48ABCAD82 /* EventDetailView.swift */ = {isa = PBXFileReference; lastKnownFileType = sourcecode.swift; path = EventDetailView.swift; sourceTree = "<group>"; };
		56CDA418C3C4E5AC101F1657 /* CreateEventReviewStep.swift */ = {isa = PBXFileReference; lastKnownFileType = sourcecode.swift; path = CreateEventReviewStep.swift; sourceTree = "<group>"; };
		5A4207BA43E1C32B776B15E6 /* GameDetailViewModel.swift */ = {isa = PBXFileReference; lastKnownFileType = sourcecode.swift; path = GameDetailViewModel.swift; sourceTree = "<group>"; };
		5BF982A5EF0961C593D261DF /* EventAccessPolicyTests.swift */ = {isa = PBXFileReference; lastKnownFileType = sourcecode.swift; path = EventAccessPolicyTests.swift; sourceTree = "<group>"; };
		5FC84F6FC769179A0CD26F1F /* GroupsViewModel.swift */ = {isa = PBXFileReference; lastKnownFileType = sourcecode.swift; path = GroupsViewModel.swift; sourceTree = "<group>"; };
		63F5B4B3EBDB251A97CB87F4 /* EventVisibilityTests.swift */ = {isa = PBXFileReference; lastKnownFileType = sourcecode.swift; path = EventVisibilityTests.swift; sourceTree = "<group>"; };
		650CC36283BE4539C4D428F4 /* HostBadge.swift */ = {isa = PBXFileReference; lastKnownFileType = sourcecode.swift; path = HostBadge.swift; sourceTree = "<group>"; };
		6D3FEEC34A1373C0210242FC /* GameLibraryViewModel.swift */ = {isa = PBXFileReference; lastKnownFileType = sourcecode.swift; path = GameLibraryViewModel.swift; sourceTree = "<group>"; };
		6F38EB39579296EB1CC1BD9F /* GameEventDecodingTests.swift */ = {isa = PBXFileReference; lastKnownFileType = sourcecode.swift; path = GameEventDecodingTests.swift; sourceTree = "<group>"; };
		70D669B7A89C9E0E3A9E2AF7 /* ContentView.swift */ = {isa = PBXFileReference; lastKnownFileType = sourcecode.swift; path = ContentView.swift; sourceTree = "<group>"; };
		71F0E6BB5635FD30C2ADA877 /* ProfileView.swift */ = {isa = PBXFileReference; lastKnownFileType = sourcecode.swift; path = ProfileView.swift; sourceTree = "<group>"; };
		724922A552EBBAAEEBA7605F /* RSVPSheet.swift */ = {isa = PBXFileReference; lastKnownFileType = sourcecode.swift; path = RSVPSheet.swift; sourceTree = "<group>"; };
		741003CC770B3125DDDBE6B1 /* GameNight.app */ = {isa = PBXFileReference; includeInIndex = 0; lastKnownFileType = wrapper.application; path = GameNight.app; sourceTree = BUILT_PRODUCTS_DIR; };
		75F19B2EBE4FA39FFF00CB52 /* CreateEventInvitesStep.swift */ = {isa = PBXFileReference; lastKnownFileType = sourcecode.swift; path = CreateEventInvitesStep.swift; sourceTree = "<group>"; };
		7A099D30160F26BA3940E576 /* ActivityFeedView.swift */ = {isa = PBXFileReference; lastKnownFileType = sourcecode.swift; path = ActivityFeedView.swift; sourceTree = "<group>"; };
		7E17D8ED351C14A7B0F10823 /* R2StorageService.swift */ = {isa = PBXFileReference; lastKnownFileType = sourcecode.swift; path = R2StorageService.swift; sourceTree = "<group>"; };
		7FAF372645B9F5ED14FEEEC0 /* ComponentSize.swift */ = {isa = PBXFileReference; lastKnownFileType = sourcecode.swift; path = ComponentSize.swift; sourceTree = "<group>"; };
		7FFF8F8644B3D6C09B3D23E5 /* GameCard.swift */ = {isa = PBXFileReference; lastKnownFileType = sourcecode.swift; path = GameCard.swift; sourceTree = "<group>"; };
		80DCC388CDAC127BEDD64307 /* AppState.swift */ = {isa = PBXFileReference; lastKnownFileType = sourcecode.swift; path = AppState.swift; sourceTree = "<group>"; };
		80EE92F65BC5F5527D0B68FE /* PollResultsDetailView.swift */ = {isa = PBXFileReference; lastKnownFileType = sourcecode.swift; path = PollResultsDetailView.swift; sourceTree = "<group>"; };
		82822A1740DFB720E14F4CCC /* LocationPickerSheet.swift */ = {isa = PBXFileReference; lastKnownFileType = sourcecode.swift; path = LocationPickerSheet.swift; sourceTree = "<group>"; };
		828D232229F9583147DE35B5 /* User.swift */ = {isa = PBXFileReference; lastKnownFileType = sourcecode.swift; path = User.swift; sourceTree = "<group>"; };
		844AF0B6BF7809B3F49C0A28 /* EventLocationPresentation.swift */ = {isa = PBXFileReference; lastKnownFileType = sourcecode.swift; path = EventLocationPresentation.swift; sourceTree = "<group>"; };
		851A081723C3E4F8CA9D2434 /* GameFamily.swift */ = {isa = PBXFileReference; lastKnownFileType = sourcecode.swift; path = GameFamily.swift; sourceTree = "<group>"; };
		862498082D3926D6CAC90670 /* StatusDot.swift */ = {isa = PBXFileReference; lastKnownFileType = sourcecode.swift; path = StatusDot.swift; sourceTree = "<group>"; };
		86CE311BFA4DA7766B8EF356 /* StarRatingPicker.swift */ = {isa = PBXFileReference; lastKnownFileType = sourcecode.swift; path = StarRatingPicker.swift; sourceTree = "<group>"; };
		8C6F1688E19ADDD90168EF36 /* GameInfoCompact.swift */ = {isa = PBXFileReference; lastKnownFileType = sourcecode.swift; path = GameInfoCompact.swift; sourceTree = "<group>"; };
		8E11D82F433FB6D9EE35AB4D /* DetailHeroImage.swift */ = {isa = PBXFileReference; lastKnownFileType = sourcecode.swift; path = DetailHeroImage.swift; sourceTree = "<group>"; };
		8EDAABF8B93412395C477350 /* ViewModifiers.swift */ = {isa = PBXFileReference; lastKnownFileType = sourcecode.swift; path = ViewModifiers.swift; sourceTree = "<group>"; };
		91F7FE54EBEFBB78137AB34A /* AddToCalendarButton.swift */ = {isa = PBXFileReference; lastKnownFileType = sourcecode.swift; path = AddToCalendarButton.swift; sourceTree = "<group>"; };
		95B0C917F3210D3DEE57EA0F /* SupabaseService.swift */ = {isa = PBXFileReference; lastKnownFileType = sourcecode.swift; path = SupabaseService.swift; sourceTree = "<group>"; };
		97ECE09B7351E21C5F6D2EE8 /* CalendarViewModel.swift */ = {isa = PBXFileReference; lastKnownFileType = sourcecode.swift; path = CalendarViewModel.swift; sourceTree = "<group>"; };
		9AB1A89107DC5915629A148C /* CalendarView.swift */ = {isa = PBXFileReference; lastKnownFileType = sourcecode.swift; path = CalendarView.swift; sourceTree = "<group>"; };
		AB3A8170D6B33687C74DE346 /* JSONTestHelpers.swift */ = {isa = PBXFileReference; lastKnownFileType = sourcecode.swift; path = JSONTestHelpers.swift; sourceTree = "<group>"; };
		AC348B1DF846B0EA1FED19F6 /* CommonComponents.swift */ = {isa = PBXFileReference; lastKnownFileType = sourcecode.swift; path = CommonComponents.swift; sourceTree = "<group>"; };
		AFAFBC98FCB83FD971A6F753 /* Theme.swift */ = {isa = PBXFileReference; lastKnownFileType = sourcecode.swift; path = Theme.swift; sourceTree = "<group>"; };
		AFCD7292A0C4E019CD712C73 /* CreateEventViewModelTests.swift */ = {isa = PBXFileReference; lastKnownFileType = sourcecode.swift; path = CreateEventViewModelTests.swift; sourceTree = "<group>"; };
		B5A15F336918E8627CD57784 /* SortOption.swift */ = {isa = PBXFileReference; lastKnownFileType = sourcecode.swift; path = SortOption.swift; sourceTree = "<group>"; };
		BF42D07B22BEA961ACC27216 /* HomeView.swift */ = {isa = PBXFileReference; lastKnownFileType = sourcecode.swift; path = HomeView.swift; sourceTree = "<group>"; };
		BFCE44DB7F63902750892756 /* Secrets.swift.example */ = {isa = PBXFileReference; path = Secrets.swift.example; sourceTree = "<group>"; };
		C545563F575388D3D5C55CE1 /* GroupsView.swift */ = {isa = PBXFileReference; lastKnownFileType = sourcecode.swift; path = GroupsView.swift; sourceTree = "<group>"; };
		C851C421B2D167D35FFF7787 /* CreateEventDetailsStep.swift */ = {isa = PBXFileReference; lastKnownFileType = sourcecode.swift; path = CreateEventDetailsStep.swift; sourceTree = "<group>"; };
		C92C25088427ECFF4C3E7988 /* SupabaseServiceTests.swift */ = {isa = PBXFileReference; lastKnownFileType = sourcecode.swift; path = SupabaseServiceTests.swift; sourceTree = "<group>"; };
		CBB6994E14D9CDD49FD2251B /* EventDateLabel.swift */ = {isa = PBXFileReference; lastKnownFileType = sourcecode.swift; path = EventDateLabel.swift; sourceTree = "<group>"; };
		CCAFB6B1DABFBC887A2DC003 /* HorizontalGameScroll.swift */ = {isa = PBXFileReference; lastKnownFileType = sourcecode.swift; path = HorizontalGameScroll.swift; sourceTree = "<group>"; };
		CE8FD5CA3969C4A60A9AEF48 /* DesignerDetailView.swift */ = {isa = PBXFileReference; lastKnownFileType = sourcecode.swift; path = DesignerDetailView.swift; sourceTree = "<group>"; };
		CEE44D563D71CBA8608FAF99 /* CreateEventViewModel.swift */ = {isa = PBXFileReference; lastKnownFileType = sourcecode.swift; path = CreateEventViewModel.swift; sourceTree = "<group>"; };
		D0371A07CD113686C89A4573 /* SMSService.swift */ = {isa = PBXFileReference; lastKnownFileType = sourcecode.swift; path = SMSService.swift; sourceTree = "<group>"; };
		D11C09C50D5F989BB36A2F66 /* HomeViewModelTests.swift */ = {isa = PBXFileReference; lastKnownFileType = sourcecode.swift; path = HomeViewModelTests.swift; sourceTree = "<group>"; };
		D392FFBFA41DB94F99E14E09 /* ContactPicker.swift */ = {isa = PBXFileReference; lastKnownFileType = sourcecode.swift; path = ContactPicker.swift; sourceTree = "<group>"; };
		D468AF0B1FB54A10EF29F05F /* GroupedGuestSection.swift */ = {isa = PBXFileReference; lastKnownFileType = sourcecode.swift; path = GroupedGuestSection.swift; sourceTree = "<group>"; };
		D5CE753DDFC49695F10F79AA /* ExpandableGameGrid.swift */ = {isa = PBXFileReference; lastKnownFileType = sourcecode.swift; path = ExpandableGameGrid.swift; sourceTree = "<group>"; };
		D5F58FAF1005984504C7F8AD /* SplashScreen.swift */ = {isa = PBXFileReference; lastKnownFileType = sourcecode.swift; path = SplashScreen.swift; sourceTree = "<group>"; };
		D6E43FFCD35976C004FD647D /* EventLocationLabel.swift */ = {isa = PBXFileReference; lastKnownFileType = sourcecode.swift; path = EventLocationLabel.swift; sourceTree = "<group>"; };
		D72031D7106E225252F4D3BC /* ListEventCard.swift */ = {isa = PBXFileReference; lastKnownFileType = sourcecode.swift; path = ListEventCard.swift; sourceTree = "<group>"; };
		D7662709E90472C3F5A6F3D9 /* HomeDataLoader.swift */ = {isa = PBXFileReference; lastKnownFileType = sourcecode.swift; path = HomeDataLoader.swift; sourceTree = "<group>"; };
		DC3D86B22BD75AA9FD76C86A /* GenerativeEventCover.swift */ = {isa = PBXFileReference; lastKnownFileType = sourcecode.swift; path = GenerativeEventCover.swift; sourceTree = "<group>"; };
		DE775436CE0D6B71DDF782A0 /* TimeOptionPicker.swift */ = {isa = PBXFileReference; lastKnownFileType = sourcecode.swift; path = TimeOptionPicker.swift; sourceTree = "<group>"; };
		E3B8E4CC4D7BFC6FCB66627B /* TagFlowSection.swift */ = {isa = PBXFileReference; lastKnownFileType = sourcecode.swift; path = TagFlowSection.swift; sourceTree = "<group>"; };
		E3CF6DCAC2DD0381444E8466 /* LocationService.swift */ = {isa = PBXFileReference; lastKnownFileType = sourcecode.swift; path = LocationService.swift; sourceTree = "<group>"; };
		E428E34778C2894B35484021 /* CreateEventView.swift */ = {isa = PBXFileReference; lastKnownFileType = sourcecode.swift; path = CreateEventView.swift; sourceTree = "<group>"; };
		EABC2D147AC8B968A07D4B07 /* EventAccessPolicy.swift */ = {isa = PBXFileReference; lastKnownFileType = sourcecode.swift; path = EventAccessPolicy.swift; sourceTree = "<group>"; };
		EB5DB24E5976E0BBEEAE0B41 /* SortFilterBar.swift */ = {isa = PBXFileReference; lastKnownFileType = sourcecode.swift; path = SortFilterBar.swift; sourceTree = "<group>"; };
		EF0A8DBBF814B763C287ADCF /* HomeDataLoaderTests.swift */ = {isa = PBXFileReference; lastKnownFileType = sourcecode.swift; path = HomeDataLoaderTests.swift; sourceTree = "<group>"; };
		F45F84908CD5A1C95CFFF098 /* BGGService.swift */ = {isa = PBXFileReference; lastKnownFileType = sourcecode.swift; path = BGGService.swift; sourceTree = "<group>"; };
		F47B45C3BEB73A0CAF96C797 /* ContactPickerService.swift */ = {isa = PBXFileReference; lastKnownFileType = sourcecode.swift; path = ContactPickerService.swift; sourceTree = "<group>"; };
		F6239592C1AC17982B004D10 /* CreatorDetailViewModel.swift */ = {isa = PBXFileReference; lastKnownFileType = sourcecode.swift; path = CreatorDetailViewModel.swift; sourceTree = "<group>"; };
		F680C90F6E6CF20DAA7FC2E1 /* GameDetailView.swift */ = {isa = PBXFileReference; lastKnownFileType = sourcecode.swift; path = GameDetailView.swift; sourceTree = "<group>"; };
		F71178402D6DE3B28E8EA024 /* ActivityFeedItem.swift */ = {isa = PBXFileReference; lastKnownFileType = sourcecode.swift; path = ActivityFeedItem.swift; sourceTree = "<group>"; };
		F7C8D2CD62321FDE27933183 /* HomeViewModel.swift */ = {isa = PBXFileReference; lastKnownFileType = sourcecode.swift; path = HomeViewModel.swift; sourceTree = "<group>"; };
		FAC2A9C1BB5C965C30B05BA8 /* ContactListSheet.swift */ = {isa = PBXFileReference; lastKnownFileType = sourcecode.swift; path = ContactListSheet.swift; sourceTree = "<group>"; };
/* End PBXFileReference section */

/* Begin PBXFrameworksBuildPhase section */
		7A80A797822F5F90E1186349 /* Frameworks */ = {
			isa = PBXFrameworksBuildPhase;
			buildActionMask = 2147483647;
			files = (
				0959401BA2FD1AED38E45306 /* Supabase in Frameworks */,
			);
			runOnlyForDeploymentPostprocessing = 0;
		};
/* End PBXFrameworksBuildPhase section */

/* Begin PBXGroup section */
		060A36832DA8B59188F302C4 /* Events */ = {
			isa = PBXGroup;
			children = (
				7A099D30160F26BA3940E576 /* ActivityFeedView.swift */,
				E428E34778C2894B35484021 /* CreateEventView.swift */,
				3C687BB107656027493FF5F5 /* DateTimePickerSheet.swift */,
				5438E24E75BD13B48ABCAD82 /* EventDetailView.swift */,
				056DCF17A5CC08E893A25FFA /* GameVotingView.swift */,
				3926C65D6513E68EE254B8FC /* GuestListTabsView.swift */,
				278A1FC48E581F583C994B89 /* PollGuestListView.swift */,
				80EE92F65BC5F5527D0B68FE /* PollResultsDetailView.swift */,
				724922A552EBBAAEEBA7605F /* RSVPSheet.swift */,
				C0727EF598F7D8D504F1643E /* CreateEventSteps */,
			);
			path = Events;
			sourceTree = "<group>";
		};
		0C1179022F1DD863DD4F1970 /* Views */ = {
			isa = PBXGroup;
			children = (
				ED6255B17A27F7B6590541A3 /* Calendar */,
				4497D62AF38CB04640B78258 /* Components */,
				060A36832DA8B59188F302C4 /* Events */,
				2E8326EECFF2BE195EA309C5 /* GameLibrary */,
				6F69DB24125C46AEF3BDD3F8 /* Groups */,
				BF3A9AE580000BC31796C072 /* Home */,
				AFFD8B38691B59BEAC13C7E4 /* Onboarding */,
				A1D70900596CC2BD4900E93A /* Profile */,
			);
			path = Views;
			sourceTree = "<group>";
		};
		16CB36AC113DDE4667C45E35 /* Models */ = {
			isa = PBXGroup;
			children = (
				5BF982A5EF0961C593D261DF /* EventAccessPolicyTests.swift */,
				63F5B4B3EBDB251A97CB87F4 /* EventVisibilityTests.swift */,
				6F38EB39579296EB1CC1BD9F /* GameEventDecodingTests.swift */,
				10D15DC103DFCD52CFA34A05 /* InviteStatusTests.swift */,
				16586A19CCD58B95C6E2F257 /* TimeOptionTests.swift */,
				396DCF1E62F331CA5E9BB8ED /* UserProfileSummaryTests.swift */,
			);
			path = Models;
			sourceTree = "<group>";
		};
		175062DD92056255A0566490 /* Services */ = {
			isa = PBXGroup;
			children = (
				C92C25088427ECFF4C3E7988 /* SupabaseServiceTests.swift */,
			);
			path = Services;
			sourceTree = "<group>";
		};
		2B3F836C3D47671E1600144F /* Loaders */ = {
			isa = PBXGroup;
			children = (
				EF0A8DBBF814B763C287ADCF /* HomeDataLoaderTests.swift */,
			);
			path = Loaders;
			sourceTree = "<group>";
		};
		2E8326EECFF2BE195EA309C5 /* GameLibrary */ = {
			isa = PBXGroup;
			children = (
				4ABD333EA9BC8C57F8773F45 /* CreatorDetailContent.swift */,
				CE8FD5CA3969C4A60A9AEF48 /* DesignerDetailView.swift */,
				F680C90F6E6CF20DAA7FC2E1 /* GameDetailView.swift */,
				33A8894EED32ECCDD900B4DE /* GameLibraryView.swift */,
				39CE46C96147105429F31980 /* PublisherDetailView.swift */,
			);
			path = GameLibrary;
			sourceTree = "<group>";
		};
		370412927E4A71082495BF2D /* GameDetail */ = {
			isa = PBXGroup;
			children = (
				8E11D82F433FB6D9EE35AB4D /* DetailHeroImage.swift */,
				D5CE753DDFC49695F10F79AA /* ExpandableGameGrid.swift */,
				CCAFB6B1DABFBC887A2DC003 /* HorizontalGameScroll.swift */,
				0E166D4003F54079973ABF36 /* InfoRowGroup.swift */,
				099F1FB524BC7122B983839B /* RatingBadge.swift */,
				EB5DB24E5976E0BBEEAE0B41 /* SortFilterBar.swift */,
				E3B8E4CC4D7BFC6FCB66627B /* TagFlowSection.swift */,
			);
			path = GameDetail;
			sourceTree = "<group>";
		};
		406E7A27D654D0E51AF7305C /* ViewModels */ = {
			isa = PBXGroup;
			children = (
				97ECE09B7351E21C5F6D2EE8 /* CalendarViewModel.swift */,
				CEE44D563D71CBA8608FAF99 /* CreateEventViewModel.swift */,
				F6239592C1AC17982B004D10 /* CreatorDetailViewModel.swift */,
				2469983DA1CC14996701E0FE /* EventViewModel.swift */,
				5A4207BA43E1C32B776B15E6 /* GameDetailViewModel.swift */,
				6D3FEEC34A1373C0210242FC /* GameLibraryViewModel.swift */,
				5FC84F6FC769179A0CD26F1F /* GroupsViewModel.swift */,
				D7662709E90472C3F5A6F3D9 /* HomeDataLoader.swift */,
				4D5EB8337036912A556D1B42 /* HomeDataProviding.swift */,
				F7C8D2CD62321FDE27933183 /* HomeViewModel.swift */,
			);
			path = ViewModels;
			sourceTree = "<group>";
		};
		4497D62AF38CB04640B78258 /* Components */ = {
			isa = PBXGroup;
			children = (
				47E207E78E030FF6873F81D8 /* AccentBorderCard.swift */,
				91F7FE54EBEFBB78137AB34A /* AddToCalendarButton.swift */,
				AC348B1DF846B0EA1FED19F6 /* CommonComponents.swift */,
				FAC2A9C1BB5C965C30B05BA8 /* ContactListSheet.swift */,
				D392FFBFA41DB94F99E14E09 /* ContactPicker.swift */,
				24832623E66C268D9044E240 /* EventCard.swift */,
				487DE2C3FE34F385AF85AEB8 /* FlowLayout.swift */,
				7FFF8F8644B3D6C09B3D23E5 /* GameCard.swift */,
				DC3D86B22BD75AA9FD76C86A /* GenerativeEventCover.swift */,
				D468AF0B1FB54A10EF29F05F /* GroupedGuestSection.swift */,
				D72031D7106E225252F4D3BC /* ListEventCard.swift */,
				82822A1740DFB720E14F4CCC /* LocationPickerSheet.swift */,
				2D0EA42EA853AC67A97206DA /* PlayerCountIndicator.swift */,
				3493414C1EA4EA910807E03E /* SearchBar.swift */,
				86CE311BFA4DA7766B8EF356 /* StarRatingPicker.swift */,
				862498082D3926D6CAC90670 /* StatusDot.swift */,
				DE775436CE0D6B71DDF782A0 /* TimeOptionPicker.swift */,
				07F39EDF744F365C61B43544 /* ToastView.swift */,
				226FE07F8DE92E91EB72AFF7 /* TriStateVoteButton.swift */,
				1C0328B731FA36656D48902F /* VerticalEventCard.swift */,
				26D9B1C9AEC52DFAFCEEC893 /* VoterAvatarStack.swift */,
				FF658C0F3B75E0AC6A5A628C /* EventCardBlocks */,
				370412927E4A71082495BF2D /* GameDetail */,
			);
			path = Components;
			sourceTree = "<group>";
		};
		476382826CCB8A7F9C5BC61F /* Services */ = {
			isa = PBXGroup;
			children = (
				F45F84908CD5A1C95CFFF098 /* BGGService.swift */,
				F47B45C3BEB73A0CAF96C797 /* ContactPickerService.swift */,
				E3CF6DCAC2DD0381444E8466 /* LocationService.swift */,
				7E17D8ED351C14A7B0F10823 /* R2StorageService.swift */,
				D0371A07CD113686C89A4573 /* SMSService.swift */,
				95B0C917F3210D3DEE57EA0F /* SupabaseService.swift */,
			);
			path = Services;
			sourceTree = "<group>";
		};
		48574BC30B49C47BE3D066D2 /* GameNight */ = {
			isa = PBXGroup;
			children = (
				15DEB0951CE98339F2E2354C /* Assets.xcassets */,
				F7E98A1DC519075511E6B3F2 /* App */,
				5B0B4A1EBFEC5861C00CA29E /* Models */,
				476382826CCB8A7F9C5BC61F /* Services */,
				ADD85AC6B93155A12EA0D94A /* Theme */,
				406E7A27D654D0E51AF7305C /* ViewModels */,
				0C1179022F1DD863DD4F1970 /* Views */,
			);
			path = GameNight;
			sourceTree = "<group>";
		};
		5861C07DFB6B9A78CC696E62 /* ViewModels */ = {
			isa = PBXGroup;
			children = (
				AFCD7292A0C4E019CD712C73 /* CreateEventViewModelTests.swift */,
				D11C09C50D5F989BB36A2F66 /* HomeViewModelTests.swift */,
			);
			path = ViewModels;
			sourceTree = "<group>";
		};
		5B0B4A1EBFEC5861C00CA29E /* Models */ = {
			isa = PBXGroup;
			children = (
				F71178402D6DE3B28E8EA024 /* ActivityFeedItem.swift */,
				EABC2D147AC8B968A07D4B07 /* EventAccessPolicy.swift */,
				844AF0B6BF7809B3F49C0A28 /* EventLocationPresentation.swift */,
				0894C4BB42056BC43902A7B2 /* EventVisibility.swift */,
				496016CC950DC5C5F6E75729 /* Game.swift */,
				5032FD47004A7CB0592B4E83 /* GameEvent.swift */,
				238430570524288B6F6B8142 /* GameExpansion.swift */,
				851A081723C3E4F8CA9D2434 /* GameFamily.swift */,
				32C0C3E7D517C7A120674526 /* GameVote.swift */,
				46C66541A70C31BA98A29D18 /* Group.swift */,
				0F9FED0A38BCA3ED89457F18 /* Invite.swift */,
				B5A15F336918E8627CD57784 /* SortOption.swift */,
				828D232229F9583147DE35B5 /* User.swift */,
			);
			path = Models;
			sourceTree = "<group>";
		};
		6BD259C4FE6C7FAF53ACFA9D /* TestSupport */ = {
			isa = PBXGroup;
			children = (
				1B6B8635260E038104AE269E /* FixtureFactory.swift */,
				AB3A8170D6B33687C74DE346 /* JSONTestHelpers.swift */,
				40CDC4EFE6713EAE4B33C26B /* TestError.swift */,
			);
			path = TestSupport;
			sourceTree = "<group>";
		};
		6F69DB24125C46AEF3BDD3F8 /* Groups */ = {
			isa = PBXGroup;
			children = (
				38CD0AF08CE4B5CEF7E0D505 /* CreateGroupFromAttendeesSheet.swift */,
				06DF23C59FBCF877EDC97BAD /* GroupPickerSheet.swift */,
				C545563F575388D3D5C55CE1 /* GroupsView.swift */,
			);
			path = Groups;
			sourceTree = "<group>";
		};
		87EA7F5F5824EA3D8DE2565F /* Products */ = {
			isa = PBXGroup;
			children = (
				741003CC770B3125DDDBE6B1 /* GameNight.app */,
				31434809C693D97EB052C01B /* GameNightTests.xctest */,
			);
			name = Products;
			sourceTree = "<group>";
		};
		A1D70900596CC2BD4900E93A /* Profile */ = {
			isa = PBXGroup;
			children = (
				491C5BC61EA3E94B1EA73171 /* PrivacySettingsView.swift */,
				71F0E6BB5635FD30C2ADA877 /* ProfileView.swift */,
			);
			path = Profile;
			sourceTree = "<group>";
		};
		ADD85AC6B93155A12EA0D94A /* Theme */ = {
			isa = PBXGroup;
			children = (
				1C135DC91A4CA9B6DFFBC537 /* BrandGuide.swift */,
				320F17AF3B5B3C150DC53B6F /* ShimmerLayoutMetrics.swift */,
				AFAFBC98FCB83FD971A6F753 /* Theme.swift */,
				8EDAABF8B93412395C477350 /* ViewModifiers.swift */,
			);
			path = Theme;
			sourceTree = "<group>";
		};
		AFFD8B38691B59BEAC13C7E4 /* Onboarding */ = {
			isa = PBXGroup;
			children = (
				35ACFC5CF2D84146F1B0E5B2 /* OnboardingView.swift */,
			);
			path = Onboarding;
			sourceTree = "<group>";
		};
		BF3A9AE580000BC31796C072 /* Home */ = {
			isa = PBXGroup;
			children = (
				BF42D07B22BEA961ACC27216 /* HomeView.swift */,
			);
			path = Home;
			sourceTree = "<group>";
		};
		C0727EF598F7D8D504F1643E /* CreateEventSteps */ = {
			isa = PBXGroup;
			children = (
				C851C421B2D167D35FFF7787 /* CreateEventDetailsStep.swift */,
				40B98058A22740B7FDCB059A /* CreateEventGamesStep.swift */,
				75F19B2EBE4FA39FFF00CB52 /* CreateEventInvitesStep.swift */,
				56CDA418C3C4E5AC101F1657 /* CreateEventReviewStep.swift */,
			);
			path = CreateEventSteps;
			sourceTree = "<group>";
		};
		ED6255B17A27F7B6590541A3 /* Calendar */ = {
			isa = PBXGroup;
			children = (
				059F5F33292722AB593021DA /* CalendarDayDetailView.swift */,
				3751C5A4132D75CEB6B2E6F1 /* CalendarFilterSheet.swift */,
				475EA5D2D276767BCB3F5408 /* CalendarGridView.swift */,
				28E9894CC10DABAA8C33BED0 /* CalendarListView.swift */,
				9AB1A89107DC5915629A148C /* CalendarView.swift */,
			);
			path = Calendar;
			sourceTree = "<group>";
		};
		F77CBCB5E4B0A3AD4BF4C525 = {
			isa = PBXGroup;
			children = (
				48574BC30B49C47BE3D066D2 /* GameNight */,
				FDAFFDEAE82B73E03EE10816 /* GameNightTests */,
				87EA7F5F5824EA3D8DE2565F /* Products */,
			);
			sourceTree = "<group>";
		};
		F7E98A1DC519075511E6B3F2 /* App */ = {
			isa = PBXGroup;
			children = (
				80DCC388CDAC127BEDD64307 /* AppState.swift */,
				70D669B7A89C9E0E3A9E2AF7 /* ContentView.swift */,
				04110B31ED9823F8D8CB1290 /* GameNightApp.swift */,
				52D24417A59A465E98C69019 /* Secrets.swift */,
				BFCE44DB7F63902750892756 /* Secrets.swift.example */,
				D5F58FAF1005984504C7F8AD /* SplashScreen.swift */,
			);
			path = App;
			sourceTree = "<group>";
		};
		FDAFFDEAE82B73E03EE10816 /* GameNightTests */ = {
			isa = PBXGroup;
			children = (
				2B3F836C3D47671E1600144F /* Loaders */,
				16CB36AC113DDE4667C45E35 /* Models */,
				175062DD92056255A0566490 /* Services */,
				6BD259C4FE6C7FAF53ACFA9D /* TestSupport */,
				5861C07DFB6B9A78CC696E62 /* ViewModels */,
			);
			path = GameNightTests;
			sourceTree = "<group>";
		};
		FF658C0F3B75E0AC6A5A628C /* EventCardBlocks */ = {
			isa = PBXGroup;
			children = (
				7FAF372645B9F5ED14FEEEC0 /* ComponentSize.swift */,
				CBB6994E14D9CDD49FD2251B /* EventDateLabel.swift */,
				D6E43FFCD35976C004FD647D /* EventLocationLabel.swift */,
				8C6F1688E19ADDD90168EF36 /* GameInfoCompact.swift */,
				650CC36283BE4539C4D428F4 /* HostBadge.swift */,
			);
			path = EventCardBlocks;
			sourceTree = "<group>";
		};
/* End PBXGroup section */

/* Begin PBXNativeTarget section */
		75CD55396B656CDC23C43D79 /* GameNight */ = {
			isa = PBXNativeTarget;
			buildConfigurationList = 53A235A7B29198BF51C1DB67 /* Build configuration list for PBXNativeTarget "GameNight" */;
			buildPhases = (
				066BC686C27BFC8B997B6E6A /* Sources */,
				1631729002116DF8B33CD6C1 /* Resources */,
				7A80A797822F5F90E1186349 /* Frameworks */,
			);
			buildRules = (
			);
			dependencies = (
			);
			name = GameNight;
			packageProductDependencies = (
				4B7E019A65A2A6BCF7278492 /* Supabase */,
			);
			productName = GameNight;
			productReference = 741003CC770B3125DDDBE6B1 /* GameNight.app */;
			productType = "com.apple.product-type.application";
		};
		AA5A455E791E11F260F2BA8B /* GameNightTests */ = {
			isa = PBXNativeTarget;
			buildConfigurationList = 08FA182774F7833ADC263B8D /* Build configuration list for PBXNativeTarget "GameNightTests" */;
			buildPhases = (
				C07566AE1EBB4F5FD46E3DB1 /* Sources */,
			);
			buildRules = (
			);
			dependencies = (
				8212B979405ED4D24A2F6972 /* PBXTargetDependency */,
			);
			name = GameNightTests;
			packageProductDependencies = (
			);
			productName = GameNightTests;
			productReference = 31434809C693D97EB052C01B /* GameNightTests.xctest */;
			productType = "com.apple.product-type.bundle.unit-test";
		};
/* End PBXNativeTarget section */

/* Begin PBXProject section */
		89435D42E4FE488A5AB2DEBC /* Project object */ = {
			isa = PBXProject;
			attributes = {
				BuildIndependentTargetsInParallel = YES;
				LastUpgradeCheck = 1600;
				TargetAttributes = {
					75CD55396B656CDC23C43D79 = {
						DevelopmentTeam = 8AGP3ZJ77K;
					};
					AA5A455E791E11F260F2BA8B = {
						DevelopmentTeam = YOUR_TEAM_ID_HERE;
					};
				};
			};
			buildConfigurationList = 8200D1DEE9E0C821B4393B8F /* Build configuration list for PBXProject "GameNight" */;
			developmentRegion = en;
			hasScannedForEncodings = 0;
			knownRegions = (
				Base,
				en,
			);
			mainGroup = F77CBCB5E4B0A3AD4BF4C525;
			minimizedProjectReferenceProxies = 1;
			packageReferences = (
				F359060319AC3DC1A4B14999 /* XCRemoteSwiftPackageReference "supabase-swift" */,
			);
			preferredProjectObjectVersion = 77;
			productRefGroup = 87EA7F5F5824EA3D8DE2565F /* Products */;
			projectDirPath = "";
			projectRoot = "";
			targets = (
				75CD55396B656CDC23C43D79 /* GameNight */,
				AA5A455E791E11F260F2BA8B /* GameNightTests */,
			);
		};
/* End PBXProject section */

/* Begin PBXResourcesBuildPhase section */
		1631729002116DF8B33CD6C1 /* Resources */ = {
			isa = PBXResourcesBuildPhase;
			buildActionMask = 2147483647;
			files = (
				B9E6E9BC3F6AF446F3E38982 /* Assets.xcassets in Resources */,
				D64C5C08692476E0E5786CB9 /* Secrets.swift.example in Resources */,
			);
			runOnlyForDeploymentPostprocessing = 0;
		};
/* End PBXResourcesBuildPhase section */

/* Begin PBXSourcesBuildPhase section */
		066BC686C27BFC8B997B6E6A /* Sources */ = {
			isa = PBXSourcesBuildPhase;
			buildActionMask = 2147483647;
			files = (
				952D6E65529253DB318F9225 /* AccentBorderCard.swift in Sources */,
				E1A24080F898AF489326A98C /* ActivityFeedItem.swift in Sources */,
				00AC9737F8B0CE07A7B7B450 /* ActivityFeedView.swift in Sources */,
				AB2F06ADADF08E33D7304AC9 /* AddToCalendarButton.swift in Sources */,
				F94FB46D73A94B95CAAB4410 /* AppState.swift in Sources */,
				B8CB9F46799095CFDF66F26E /* BGGService.swift in Sources */,
				1F834BF50C8D07CCF689978E /* BrandGuide.swift in Sources */,
				581A7EB52A1D861724F70540 /* CalendarDayDetailView.swift in Sources */,
				0E38F9EBB95F5422929C287D /* CalendarFilterSheet.swift in Sources */,
				130DF8D981F9DDFC406409A0 /* CalendarGridView.swift in Sources */,
				684BCA9E5D292D55BF6B6F6D /* CalendarListView.swift in Sources */,
				C7C5E2B1648C0A2488DE0E29 /* CalendarView.swift in Sources */,
				7F6CC417800B4B6AE2205B33 /* CalendarViewModel.swift in Sources */,
				322132BCAF44E71D02F9228E /* CommonComponents.swift in Sources */,
				5D9567252A269FA92FA85E95 /* ComponentSize.swift in Sources */,
				98081CC0AB972190D03DABD9 /* ContactListSheet.swift in Sources */,
				9B68501F3F9105CF25668A3A /* ContactPicker.swift in Sources */,
				767F1544BB3B4EF53FECFD0D /* ContactPickerService.swift in Sources */,
				03DE6C5AC84BC4458D2EE750 /* ContentView.swift in Sources */,
				DBACF5C6B7903F393DBE6F73 /* CreateEventDetailsStep.swift in Sources */,
				05057CD98841593434D4A5F8 /* CreateEventGamesStep.swift in Sources */,
				4982AD9960217BBC3F7C9B26 /* CreateEventInvitesStep.swift in Sources */,
				4A1723223C6DAEE61DFF0741 /* CreateEventReviewStep.swift in Sources */,
				133E52FC137BE4A2BBF26C08 /* CreateEventView.swift in Sources */,
				3B3AAF49083F969723DC1F35 /* CreateEventViewModel.swift in Sources */,
				FDECD26096E37C1D41EAEDE2 /* CreateGroupFromAttendeesSheet.swift in Sources */,
				BC682D9862847B7B0BBAB223 /* CreatorDetailContent.swift in Sources */,
				0F37BD5C50D6A61D53E978AC /* CreatorDetailViewModel.swift in Sources */,
				C189CA60E4FFD650CAA0D477 /* DateTimePickerSheet.swift in Sources */,
				336282B3D2ADD8292116A592 /* DesignerDetailView.swift in Sources */,
				B62FCEA0EB3F6363754818E4 /* DetailHeroImage.swift in Sources */,
				906DAF7FC4F3CB37704A0475 /* EventAccessPolicy.swift in Sources */,
				B9C83FE17B46B9822C47006F /* EventCard.swift in Sources */,
				CE4FDB177DFFB003A88F9AA9 /* EventDateLabel.swift in Sources */,
				0B1B53A086B2D5C634FB2153 /* EventDetailView.swift in Sources */,
				E4782D56AE4290B0E2B131C0 /* EventLocationLabel.swift in Sources */,
				B13BAB49FBD99CAF5EE87A26 /* EventLocationPresentation.swift in Sources */,
				EC928EA881FC49F3BC324924 /* EventViewModel.swift in Sources */,
				52828E31ED83EE3FEC20F3BC /* EventVisibility.swift in Sources */,
				AC1822A41E9E407C78AA5318 /* ExpandableGameGrid.swift in Sources */,
				CBF6FBF83688B02AE33AF2D7 /* FlowLayout.swift in Sources */,
				04FC6FD496597BB4E781AC72 /* Game.swift in Sources */,
				DCD8FCC8417847C108C154F7 /* GameCard.swift in Sources */,
				F82C04EB02D3B3366B707700 /* GameDetailView.swift in Sources */,
				933D9C42930DEAE093897B1D /* GameDetailViewModel.swift in Sources */,
				9A1BAE009234F98F2E7E271C /* GameEvent.swift in Sources */,
				F939127448C95F22B292C9B2 /* GameExpansion.swift in Sources */,
				02C910EE565BE8965D5AF885 /* GameFamily.swift in Sources */,
				CF4B2A2254450EBC277CB06D /* GameInfoCompact.swift in Sources */,
				FAC20CF4D3CB4EA6B19E8772 /* GameLibraryView.swift in Sources */,
				C5C23C7667D8666450441FA7 /* GameLibraryViewModel.swift in Sources */,
				CE3591329288EDA893958F12 /* GameNightApp.swift in Sources */,
				983EAA52DD85AF3F1D597A74 /* GameVote.swift in Sources */,
				160BF49B9AE94EDA37D53FFE /* GameVotingView.swift in Sources */,
				DB246FC621832F6F20E2BB51 /* GenerativeEventCover.swift in Sources */,
				3A8663CFA3DA830ABB3E1EBC /* Group.swift in Sources */,
				DB72C1DD32762AF82DCBBDCD /* GroupPickerSheet.swift in Sources */,
				038CB3618196916111F5EE86 /* GroupedGuestSection.swift in Sources */,
				AAEBF5B0D069816F69AEA013 /* GroupsView.swift in Sources */,
				AAF2A54602E475E661783223 /* GroupsViewModel.swift in Sources */,
				2A0BF2968F29063F5E0CF737 /* GuestListTabsView.swift in Sources */,
				190119C668A74F1F6FE44FE1 /* HomeDataLoader.swift in Sources */,
				A25F897E22AE83280EA23650 /* HomeDataProviding.swift in Sources */,
				349E5742ECBCD05BAE8BCEBA /* HomeView.swift in Sources */,
				CEDCDEA3B706763399C908FC /* HomeViewModel.swift in Sources */,
				B21E88FFD1EF9E3699453F76 /* HorizontalGameScroll.swift in Sources */,
				E2A50FC1F18BC050389667E1 /* HostBadge.swift in Sources */,
				88F01BBAEA4FB8C352A40B94 /* InfoRowGroup.swift in Sources */,
				B537BFB99CA04E496C69A0BA /* Invite.swift in Sources */,
				BBA5890D083FC90163BB8F1C /* ListEventCard.swift in Sources */,
				7124447E48FB168EA905F827 /* LocationPickerSheet.swift in Sources */,
				88286AB6BCD7CFB53E204C68 /* LocationService.swift in Sources */,
				8EBFE0CD5C9F9E0FADEB8B66 /* OnboardingView.swift in Sources */,
				2AFFAA859950E22CF1030A51 /* PlayerCountIndicator.swift in Sources */,
				14E86F837008B207F8BEC9C4 /* PollGuestListView.swift in Sources */,
				F9557B986DE64DEAFF785FF8 /* PollResultsDetailView.swift in Sources */,
				2E0BD642D74DF24FD20D9A85 /* PrivacySettingsView.swift in Sources */,
				300323D66DE2C2FD3D530C4B /* ProfileView.swift in Sources */,
				ED24B26835CC5574D4F5CBF3 /* PublisherDetailView.swift in Sources */,
				AE3564D983C3D4EF7CD2D08E /* R2StorageService.swift in Sources */,
				B982625FD5364D9CB69F1E03 /* RSVPSheet.swift in Sources */,
				E5F0E4801AE22B9E0C6B5037 /* RatingBadge.swift in Sources */,
				08A92E97AF62C37F0764992B /* SMSService.swift in Sources */,
				200C8E68E07D69CF159A0223 /* SearchBar.swift in Sources */,
				E94EDB0E593B5C1084DCEE6B /* Secrets.swift in Sources */,
				C50FC1236834BE18DCDDB3D1 /* ShimmerLayoutMetrics.swift in Sources */,
				DBCC8760EF460EE40CCAC85C /* SortFilterBar.swift in Sources */,
				E39AEF4CC943EC0A76627C24 /* SortOption.swift in Sources */,
				60CC436E8F6F5AE4F7D37C44 /* SplashScreen.swift in Sources */,
				CF081B4F29C9ABB849634129 /* StarRatingPicker.swift in Sources */,
				097C4BD6469F6E0F92D89A51 /* StatusDot.swift in Sources */,
				A145154DBEE35DEBC0B93B9D /* SupabaseService.swift in Sources */,
				C3E2A27A1E58B4352B493195 /* TagFlowSection.swift in Sources */,
				C490E51116FD132D9BDE3239 /* Theme.swift in Sources */,
				AB7731B722DD26CABD4F1FBA /* TimeOptionPicker.swift in Sources */,
				A830ED73A705ED199878F0A6 /* ToastView.swift in Sources */,
				69A66D4BC0C5C14C12D41F6F /* TriStateVoteButton.swift in Sources */,
				E4229164F87DF49778D2BAFF /* User.swift in Sources */,
				5856F38C7AADFFEC6311D458 /* VerticalEventCard.swift in Sources */,
				9E72702398FD0A62ABC50C5B /* ViewModifiers.swift in Sources */,
				AE7D5DFE9435450D6B8B8BFB /* VoterAvatarStack.swift in Sources */,
			);
			runOnlyForDeploymentPostprocessing = 0;
		};
		C07566AE1EBB4F5FD46E3DB1 /* Sources */ = {
			isa = PBXSourcesBuildPhase;
			buildActionMask = 2147483647;
			files = (
				785011C763AEC050BBD859D5 /* CreateEventViewModelTests.swift in Sources */,
				F117EC19A9AD28EF559E280F /* EventAccessPolicyTests.swift in Sources */,
				852C2866929B8119FA39E880 /* EventVisibilityTests.swift in Sources */,
				65532079AE877CE01667566E /* FixtureFactory.swift in Sources */,
				D8BA6CA0E91A2ABEAEF147C0 /* GameEventDecodingTests.swift in Sources */,
				7782918D6C4C803001CDF01A /* HomeDataLoaderTests.swift in Sources */,
				094E8C89690D6D3D45CE77F4 /* HomeViewModelTests.swift in Sources */,
				AC515052761705D145044420 /* InviteStatusTests.swift in Sources */,
				E6A2924D49E15F10312F8295 /* JSONTestHelpers.swift in Sources */,
				BB7E99426B05D49B54E17CB4 /* SupabaseServiceTests.swift in Sources */,
				058DF949B94C46292DE13C5D /* TestError.swift in Sources */,
				EF8EACABDB791482CC4AE021 /* TimeOptionTests.swift in Sources */,
				6401D5AD802EEA80679F6ECC /* UserProfileSummaryTests.swift in Sources */,
			);
			runOnlyForDeploymentPostprocessing = 0;
		};
/* End PBXSourcesBuildPhase section */

/* Begin PBXTargetDependency section */
		8212B979405ED4D24A2F6972 /* PBXTargetDependency */ = {
			isa = PBXTargetDependency;
			target = 75CD55396B656CDC23C43D79 /* GameNight */;
			targetProxy = 04477983D155697FAAE8FAFA /* PBXContainerItemProxy */;
		};
/* End PBXTargetDependency section */

/* Begin XCBuildConfiguration section */
		01EAC80B413C8B2DE857165E /* Release */ = {
			isa = XCBuildConfiguration;
			buildSettings = {
				ALWAYS_SEARCH_USER_PATHS = NO;
				CLANG_ANALYZER_NONNULL = YES;
				CLANG_ANALYZER_NUMBER_OBJECT_CONVERSION = YES_AGGRESSIVE;
				CLANG_CXX_LANGUAGE_STANDARD = "gnu++14";
				CLANG_CXX_LIBRARY = "libc++";
				CLANG_ENABLE_MODULES = YES;
				CLANG_ENABLE_OBJC_ARC = YES;
				CLANG_ENABLE_OBJC_WEAK = YES;
				CLANG_WARN_BLOCK_CAPTURE_AUTORELEASING = YES;
				CLANG_WARN_BOOL_CONVERSION = YES;
				CLANG_WARN_COMMA = YES;
				CLANG_WARN_CONSTANT_CONVERSION = YES;
				CLANG_WARN_DEPRECATED_OBJC_IMPLEMENTATIONS = YES;
				CLANG_WARN_DIRECT_OBJC_ISA_USAGE = YES_ERROR;
				CLANG_WARN_DOCUMENTATION_COMMENTS = YES;
				CLANG_WARN_EMPTY_BODY = YES;
				CLANG_WARN_ENUM_CONVERSION = YES;
				CLANG_WARN_INFINITE_RECURSION = YES;
				CLANG_WARN_INT_CONVERSION = YES;
				CLANG_WARN_NON_LITERAL_NULL_CONVERSION = YES;
				CLANG_WARN_OBJC_IMPLICIT_RETAIN_SELF = YES;
				CLANG_WARN_OBJC_LITERAL_CONVERSION = YES;
				CLANG_WARN_OBJC_ROOT_CLASS = YES_ERROR;
				CLANG_WARN_QUOTED_INCLUDE_IN_FRAMEWORK_HEADER = YES;
				CLANG_WARN_RANGE_LOOP_ANALYSIS = YES;
				CLANG_WARN_STRICT_PROTOTYPES = YES;
				CLANG_WARN_SUSPICIOUS_MOVE = YES;
				CLANG_WARN_UNGUARDED_AVAILABILITY = YES_AGGRESSIVE;
				CLANG_WARN_UNREACHABLE_CODE = YES;
				CLANG_WARN__DUPLICATE_METHOD_MATCH = YES;
				COPY_PHASE_STRIP = NO;
				DEBUG_INFORMATION_FORMAT = "dwarf-with-dsym";
				ENABLE_NS_ASSERTIONS = NO;
				ENABLE_STRICT_OBJC_MSGSEND = YES;
				GCC_C_LANGUAGE_STANDARD = gnu11;
				GCC_NO_COMMON_BLOCKS = YES;
				GCC_WARN_64_TO_32_BIT_CONVERSION = YES;
				GCC_WARN_ABOUT_RETURN_TYPE = YES_ERROR;
				GCC_WARN_UNDECLARED_SELECTOR = YES;
				GCC_WARN_UNINITIALIZED_AUTOS = YES_AGGRESSIVE;
				GCC_WARN_UNUSED_FUNCTION = YES;
				GCC_WARN_UNUSED_VARIABLE = YES;
				IPHONEOS_DEPLOYMENT_TARGET = 17.0;
				MTL_ENABLE_DEBUG_INFO = NO;
				MTL_FAST_MATH = YES;
				PRODUCT_NAME = "$(TARGET_NAME)";
				SDKROOT = iphoneos;
				SWIFT_COMPILATION_MODE = wholemodule;
				SWIFT_OPTIMIZATION_LEVEL = "-O";
				SWIFT_VERSION = 5.0;
			};
			name = Release;
		};
		0C1A51ED771BA08944101CB3 /* Debug */ = {
			isa = XCBuildConfiguration;
			buildSettings = {
				ALWAYS_SEARCH_USER_PATHS = NO;
				CLANG_ANALYZER_NONNULL = YES;
				CLANG_ANALYZER_NUMBER_OBJECT_CONVERSION = YES_AGGRESSIVE;
				CLANG_CXX_LANGUAGE_STANDARD = "gnu++14";
				CLANG_CXX_LIBRARY = "libc++";
				CLANG_ENABLE_MODULES = YES;
				CLANG_ENABLE_OBJC_ARC = YES;
				CLANG_ENABLE_OBJC_WEAK = YES;
				CLANG_WARN_BLOCK_CAPTURE_AUTORELEASING = YES;
				CLANG_WARN_BOOL_CONVERSION = YES;
				CLANG_WARN_COMMA = YES;
				CLANG_WARN_CONSTANT_CONVERSION = YES;
				CLANG_WARN_DEPRECATED_OBJC_IMPLEMENTATIONS = YES;
				CLANG_WARN_DIRECT_OBJC_ISA_USAGE = YES_ERROR;
				CLANG_WARN_DOCUMENTATION_COMMENTS = YES;
				CLANG_WARN_EMPTY_BODY = YES;
				CLANG_WARN_ENUM_CONVERSION = YES;
				CLANG_WARN_INFINITE_RECURSION = YES;
				CLANG_WARN_INT_CONVERSION = YES;
				CLANG_WARN_NON_LITERAL_NULL_CONVERSION = YES;
				CLANG_WARN_OBJC_IMPLICIT_RETAIN_SELF = YES;
				CLANG_WARN_OBJC_LITERAL_CONVERSION = YES;
				CLANG_WARN_OBJC_ROOT_CLASS = YES_ERROR;
				CLANG_WARN_QUOTED_INCLUDE_IN_FRAMEWORK_HEADER = YES;
				CLANG_WARN_RANGE_LOOP_ANALYSIS = YES;
				CLANG_WARN_STRICT_PROTOTYPES = YES;
				CLANG_WARN_SUSPICIOUS_MOVE = YES;
				CLANG_WARN_UNGUARDED_AVAILABILITY = YES_AGGRESSIVE;
				CLANG_WARN_UNREACHABLE_CODE = YES;
				CLANG_WARN__DUPLICATE_METHOD_MATCH = YES;
				COPY_PHASE_STRIP = NO;
				DEBUG_INFORMATION_FORMAT = dwarf;
				ENABLE_STRICT_OBJC_MSGSEND = YES;
				ENABLE_TESTABILITY = YES;
				GCC_C_LANGUAGE_STANDARD = gnu11;
				GCC_DYNAMIC_NO_PIC = NO;
				GCC_NO_COMMON_BLOCKS = YES;
				GCC_OPTIMIZATION_LEVEL = 0;
				GCC_PREPROCESSOR_DEFINITIONS = (
					"$(inherited)",
					"DEBUG=1",
				);
				GCC_WARN_64_TO_32_BIT_CONVERSION = YES;
				GCC_WARN_ABOUT_RETURN_TYPE = YES_ERROR;
				GCC_WARN_UNDECLARED_SELECTOR = YES;
				GCC_WARN_UNINITIALIZED_AUTOS = YES_AGGRESSIVE;
				GCC_WARN_UNUSED_FUNCTION = YES;
				GCC_WARN_UNUSED_VARIABLE = YES;
				IPHONEOS_DEPLOYMENT_TARGET = 17.0;
				MTL_ENABLE_DEBUG_INFO = INCLUDE_SOURCE;
				MTL_FAST_MATH = YES;
				ONLY_ACTIVE_ARCH = YES;
				PRODUCT_NAME = "$(TARGET_NAME)";
				SDKROOT = iphoneos;
				SWIFT_ACTIVE_COMPILATION_CONDITIONS = DEBUG;
				SWIFT_OPTIMIZATION_LEVEL = "-Onone";
				SWIFT_VERSION = 5.0;
			};
			name = Debug;
		};
		6BA4C1C1E6255A809E39580E /* Debug */ = {
			isa = XCBuildConfiguration;
			buildSettings = {
				ASSETCATALOG_COMPILER_APPICON_NAME = AppIcon;
				CODE_SIGN_IDENTITY = "iPhone Developer";
				CURRENT_PROJECT_VERSION = 1;
				DEVELOPMENT_TEAM = 8AGP3ZJ77K;
				INFOPLIST_FILE = GameNight/Info.plist;
				LD_RUNPATH_SEARCH_PATHS = (
					"$(inherited)",
					"@executable_path/Frameworks",
				);
				MARKETING_VERSION = 1.0;
				PRODUCT_BUNDLE_IDENTIFIER = com.cardboardwithme.app;
				SDKROOT = iphoneos;
				SWIFT_VERSION = 5.9;
				TARGETED_DEVICE_FAMILY = 1;
			};
			name = Debug;
		};
		8BE0CBFE87DB5D77DE22143E /* Release */ = {
			isa = XCBuildConfiguration;
			buildSettings = {
				BUNDLE_LOADER = "$(TEST_HOST)";
				DEVELOPMENT_TEAM = YOUR_TEAM_ID_HERE;
				GENERATE_INFOPLIST_FILE = YES;
				LD_RUNPATH_SEARCH_PATHS = (
					"$(inherited)",
					"@executable_path/Frameworks",
					"@loader_path/Frameworks",
				);
				PRODUCT_BUNDLE_IDENTIFIER = com.cardboardwithme.appTests;
				SDKROOT = iphoneos;
				SWIFT_VERSION = 5.9;
				TARGETED_DEVICE_FAMILY = "1,2";
				TEST_HOST = "$(BUILT_PRODUCTS_DIR)/GameNight.app/GameNight";
			};
			name = Release;
		};
		BEA102E4C2F0F95CE2C4B343 /* Debug */ = {
			isa = XCBuildConfiguration;
			buildSettings = {
				BUNDLE_LOADER = "$(TEST_HOST)";
				DEVELOPMENT_TEAM = YOUR_TEAM_ID_HERE;
				GENERATE_INFOPLIST_FILE = YES;
				LD_RUNPATH_SEARCH_PATHS = (
					"$(inherited)",
					"@executable_path/Frameworks",
					"@loader_path/Frameworks",
				);
				PRODUCT_BUNDLE_IDENTIFIER = com.cardboardwithme.appTests;
				SDKROOT = iphoneos;
				SWIFT_VERSION = 5.9;
				TARGETED_DEVICE_FAMILY = "1,2";
				TEST_HOST = "$(BUILT_PRODUCTS_DIR)/GameNight.app/GameNight";
			};
			name = Debug;
		};
		FB18C039452B8902872FFB20 /* Release */ = {
			isa = XCBuildConfiguration;
			buildSettings = {
				ASSETCATALOG_COMPILER_APPICON_NAME = AppIcon;
				CODE_SIGN_IDENTITY = "iPhone Developer";
				CURRENT_PROJECT_VERSION = 1;
				DEVELOPMENT_TEAM = 8AGP3ZJ77K;
				INFOPLIST_FILE = GameNight/Info.plist;
				LD_RUNPATH_SEARCH_PATHS = (
					"$(inherited)",
					"@executable_path/Frameworks",
				);
				MARKETING_VERSION = 1.0;
				PRODUCT_BUNDLE_IDENTIFIER = com.cardboardwithme.app;
				SDKROOT = iphoneos;
				SWIFT_VERSION = 5.9;
				TARGETED_DEVICE_FAMILY = 1;
			};
			name = Release;
		};
/* End XCBuildConfiguration section */

/* Begin XCConfigurationList section */
		08FA182774F7833ADC263B8D /* Build configuration list for PBXNativeTarget "GameNightTests" */ = {
			isa = XCConfigurationList;
			buildConfigurations = (
				BEA102E4C2F0F95CE2C4B343 /* Debug */,
				8BE0CBFE87DB5D77DE22143E /* Release */,
			);
			defaultConfigurationIsVisible = 0;
			defaultConfigurationName = Debug;
		};
		53A235A7B29198BF51C1DB67 /* Build configuration list for PBXNativeTarget "GameNight" */ = {
			isa = XCConfigurationList;
			buildConfigurations = (
				6BA4C1C1E6255A809E39580E /* Debug */,
				FB18C039452B8902872FFB20 /* Release */,
			);
			defaultConfigurationIsVisible = 0;
			defaultConfigurationName = Debug;
		};
		8200D1DEE9E0C821B4393B8F /* Build configuration list for PBXProject "GameNight" */ = {
			isa = XCConfigurationList;
			buildConfigurations = (
				0C1A51ED771BA08944101CB3 /* Debug */,
				01EAC80B413C8B2DE857165E /* Release */,
			);
			defaultConfigurationIsVisible = 0;
			defaultConfigurationName = Debug;
		};
/* End XCConfigurationList section */

/* Begin XCRemoteSwiftPackageReference section */
		F359060319AC3DC1A4B14999 /* XCRemoteSwiftPackageReference "supabase-swift" */ = {
			isa = XCRemoteSwiftPackageReference;
			repositoryURL = "https://github.com/supabase-community/supabase-swift.git";
			requirement = {
				kind = upToNextMajorVersion;
				minimumVersion = 2.0.0;
			};
		};
/* End XCRemoteSwiftPackageReference section */

/* Begin XCSwiftPackageProductDependency section */
		4B7E019A65A2A6BCF7278492 /* Supabase */ = {
			isa = XCSwiftPackageProductDependency;
			package = F359060319AC3DC1A4B14999 /* XCRemoteSwiftPackageReference "supabase-swift" */;
			productName = Supabase;
		};
/* End XCSwiftPackageProductDependency section */
	};
	rootObject = 89435D42E4FE488A5AB2DEBC /* Project object */;
}
